
Microsoft Visual Studio Solution File, Format Version 12.00
# Visual Studio Version 16
VisualStudioVersion = 16.0.30523.141
MinimumVisualStudioVersion = 10.0.40219.1
Project("{FAE04EC0-301F-11D3-BF4B-00C04F79EFBC}") = "Burse_Bot", "Burse_Bot.csproj", "{3D01CDEE-3DD0-48C7-B2CB-47C2116DB7B4}"
EndProject
Global
	GlobalSection(SolutionConfigurationPlatforms) = preSolution
		Debug|Any CPU = Debug|Any CPU
		Release|Any CPU = Release|Any CPU
	EndGlobalSection
	GlobalSection(ProjectConfigurationPlatforms) = postSolution
		{3D01CDEE-3DD0-48C7-B2CB-47C2116DB7B4}.Debug|Any CPU.ActiveCfg = Debug|Any CPU
		{3D01CDEE-3DD0-48C7-B2CB-47C2116DB7B4}.Debug|Any CPU.Build.0 = Debug|Any CPU
		{3D01CDEE-3DD0-48C7-B2CB-47C2116DB7B4}.Release|Any CPU.ActiveCfg = Release|Any CPU
		{3D01CDEE-3DD0-48C7-B2CB-47C2116DB7B4}.Release|Any CPU.Build.0 = Release|Any CPU
	EndGlobalSection
	GlobalSection(SolutionProperties) = preSolution
		HideSolutionNode = FALSE
	EndGlobalSection
	GlobalSection(ExtensibilityGlobals) = postSolution
		SolutionGuid = {19097E83-ED8D-4EA4-8874-9246DAD893AF}
	EndGlobalSection
EndGlobal
